
Microsoft Visual Studio Solution File, Format Version 12.00
# Visual Studio Version 16
VisualStudioVersion = 16.0.29403.142
MinimumVisualStudioVersion = 10.0.40219.1
Project("{9A19103F-16F7-4668-BE54-9A1E7A4F7556}") = "ExpenseTrack", "ExpenseTrack\ExpenseTrack.csproj", "{1AE4140E-B629-4D6E-80AF-D02D0EA7FF61}"
EndProject
Global
	GlobalSection(SolutionConfigurationPlatforms) = preSolution
		Debug|Any CPU = Debug|Any CPU
		Release|Any CPU = Release|Any CPU
	EndGlobalSection
	GlobalSection(ProjectConfigurationPlatforms) = postSolution
		{1AE4140E-B629-4D6E-80AF-D02D0EA7FF61}.Debug|Any CPU.ActiveCfg = Debug|Any CPU
		{1AE4140E-B629-4D6E-80AF-D02D0EA7FF61}.Debug|Any CPU.Build.0 = Debug|Any CPU
		{1AE4140E-B629-4D6E-80AF-D02D0EA7FF61}.Release|Any CPU.ActiveCfg = Release|Any CPU
		{1AE4140E-B629-4D6E-80AF-D02D0EA7FF61}.Release|Any CPU.Build.0 = Release|Any CPU
	EndGlobalSection
	GlobalSection(SolutionProperties) = preSolution
		HideSolutionNode = FALSE
	EndGlobalSection
	GlobalSection(ExtensibilityGlobals) = postSolution
		SolutionGuid = {5EEDD39B-AE63-4A6A-91F3-C73842CB3038}
	EndGlobalSection
EndGlobal
